
Microsoft Visual Studio Solution File, Format Version 12.00
# Visual Studio 15
VisualStudioVersion = 15.0.28307.705
MinimumVisualStudioVersion = 10.0.40219.1
Project("{FAE04EC0-301F-11D3-BF4B-00C04F79EFBC}") = "Question1", "Question1\Question1.csproj", "{0C693BEC-50DA-4D0A-BF14-F7CCA8E1DC97}"
EndProject
Project("{FAE04EC0-301F-11D3-BF4B-00C04F79EFBC}") = "Question2", "Question2\Question2.csproj", "{CF915047-E818-45E9-B3EA-B83613521263}"
EndProject
Project("{FAE04EC0-301F-11D3-BF4B-00C04F79EFBC}") = "Question3", "Question3\Question3.csproj", "{98515CB9-20FE-443B-8687-603729206342}"
EndProject
Global
	GlobalSection(SolutionConfigurationPlatforms) = preSolution
		Debug|Any CPU = Debug|Any CPU
		Release|Any CPU = Release|Any CPU
	EndGlobalSection
	GlobalSection(ProjectConfigurationPlatforms) = postSolution
		{0C693BEC-50DA-4D0A-BF14-F7CCA8E1DC97}.Debug|Any CPU.ActiveCfg = Debug|Any CPU
		{0C693BEC-50DA-4D0A-BF14-F7CCA8E1DC97}.Debug|Any CPU.Build.0 = Debug|Any CPU
		{0C693BEC-50DA-4D0A-BF14-F7CCA8E1DC97}.Release|Any CPU.ActiveCfg = Release|Any CPU
		{0C693BEC-50DA-4D0A-BF14-F7CCA8E1DC97}.Release|Any CPU.Build.0 = Release|Any CPU
		{CF915047-E818-45E9-B3EA-B83613521263}.Debug|Any CPU.ActiveCfg = Debug|Any CPU
		{CF915047-E818-45E9-B3EA-B83613521263}.Debug|Any CPU.Build.0 = Debug|Any CPU
		{CF915047-E818-45E9-B3EA-B83613521263}.Release|Any CPU.ActiveCfg = Release|Any CPU
		{CF915047-E818-45E9-B3EA-B83613521263}.Release|Any CPU.Build.0 = Release|Any CPU
		{98515CB9-20FE-443B-8687-603729206342}.Debug|Any CPU.ActiveCfg = Debug|Any CPU
		{98515CB9-20FE-443B-8687-603729206342}.Debug|Any CPU.Build.0 = Debug|Any CPU
		{98515CB9-20FE-443B-8687-603729206342}.Release|Any CPU.ActiveCfg = Release|Any CPU
		{98515CB9-20FE-443B-8687-603729206342}.Release|Any CPU.Build.0 = Release|Any CPU
	EndGlobalSection
	GlobalSection(SolutionProperties) = preSolution
		HideSolutionNode = FALSE
	EndGlobalSection
	GlobalSection(ExtensibilityGlobals) = postSolution
		SolutionGuid = {D5902C4B-E911-4A59-A1CA-651324786F26}
	EndGlobalSection
EndGlobal
